
Microsoft Visual Studio Solution File, Format Version 12.00
# Visual Studio Version 17
VisualStudioVersion = 17.8.34330.188
MinimumVisualStudioVersion = 10.0.40219.1
Project("{FAE04EC0-301F-11D3-BF4B-00C04F79EFBC}") = "BT1", "LaptrinhOOP\BT1.csproj", "{BE23140A-0560-4D33-B1E5-AA9ECB81BE79}"
EndProject
Project("{FAE04EC0-301F-11D3-BF4B-00C04F79EFBC}") = "BT2", "BT2\BT2.csproj", "{3417DA03-1ADB-4341-8F16-84AAA0EFDAAF}"
EndProject
Project("{FAE04EC0-301F-11D3-BF4B-00C04F79EFBC}") = "BT3", "BT3\BT3.csproj", "{2EC5DDCA-3F8A-4AD2-91A9-D91C9EE9F7E9}"
EndProject
Global
	GlobalSection(SolutionConfigurationPlatforms) = preSolution
		Debug|Any CPU = Debug|Any CPU
		Release|Any CPU = Release|Any CPU
	EndGlobalSection
	GlobalSection(ProjectConfigurationPlatforms) = postSolution
		{BE23140A-0560-4D33-B1E5-AA9ECB81BE79}.Debug|Any CPU.ActiveCfg = Debug|Any CPU
		{BE23140A-0560-4D33-B1E5-AA9ECB81BE79}.Debug|Any CPU.Build.0 = Debug|Any CPU
		{BE23140A-0560-4D33-B1E5-AA9ECB81BE79}.Release|Any CPU.ActiveCfg = Release|Any CPU
		{BE23140A-0560-4D33-B1E5-AA9ECB81BE79}.Release|Any CPU.Build.0 = Release|Any CPU
		{3417DA03-1ADB-4341-8F16-84AAA0EFDAAF}.Debug|Any CPU.ActiveCfg = Debug|Any CPU
		{3417DA03-1ADB-4341-8F16-84AAA0EFDAAF}.Debug|Any CPU.Build.0 = Debug|Any CPU
		{3417DA03-1ADB-4341-8F16-84AAA0EFDAAF}.Release|Any CPU.ActiveCfg = Release|Any CPU
		{3417DA03-1ADB-4341-8F16-84AAA0EFDAAF}.Release|Any CPU.Build.0 = Release|Any CPU
		{2EC5DDCA-3F8A-4AD2-91A9-D91C9EE9F7E9}.Debug|Any CPU.ActiveCfg = Debug|Any CPU
		{2EC5DDCA-3F8A-4AD2-91A9-D91C9EE9F7E9}.Debug|Any CPU.Build.0 = Debug|Any CPU
		{2EC5DDCA-3F8A-4AD2-91A9-D91C9EE9F7E9}.Release|Any CPU.ActiveCfg = Release|Any CPU
		{2EC5DDCA-3F8A-4AD2-91A9-D91C9EE9F7E9}.Release|Any CPU.Build.0 = Release|Any CPU
	EndGlobalSection
	GlobalSection(SolutionProperties) = preSolution
		HideSolutionNode = FALSE
	EndGlobalSection
	GlobalSection(ExtensibilityGlobals) = postSolution
		SolutionGuid = {4602BF20-0F6D-48C0-B397-C5CE1EB10BA2}
	EndGlobalSection
EndGlobal
